
Microsoft Visual Studio Solution File, Format Version 12.00
# Visual Studio 2013
VisualStudioVersion = 12.0.40629.0
MinimumVisualStudioVersion = 10.0.40219.1
Project("{FAE04EC0-301F-11D3-BF4B-00C04F79EFBC}") = "ISWebPOS", "ISWebPOS\ISWebPOS.csproj", "{DFF43774-8044-4437-9EC0-C1EA9E1DF22F}"
EndProject
Global
	GlobalSection(SolutionConfigurationPlatforms) = preSolution
		Debug|Any CPU = Debug|Any CPU
		Debug|x64 = Debug|x64
		Release|Any CPU = Release|Any CPU
		Release|x64 = Release|x64
	EndGlobalSection
	GlobalSection(ProjectConfigurationPlatforms) = postSolution
		{DFF43774-8044-4437-9EC0-C1EA9E1DF22F}.Debug|Any CPU.ActiveCfg = Debug|Any CPU
		{DFF43774-8044-4437-9EC0-C1EA9E1DF22F}.Debug|Any CPU.Build.0 = Debug|Any CPU
		{DFF43774-8044-4437-9EC0-C1EA9E1DF22F}.Debug|x64.ActiveCfg = Debug|Any CPU
		{DFF43774-8044-4437-9EC0-C1EA9E1DF22F}.Release|Any CPU.ActiveCfg = Release|Any CPU
		{DFF43774-8044-4437-9EC0-C1EA9E1DF22F}.Release|Any CPU.Build.0 = Release|Any CPU
		{DFF43774-8044-4437-9EC0-C1EA9E1DF22F}.Release|x64.ActiveCfg = Release|Any CPU
	EndGlobalSection
	GlobalSection(SolutionProperties) = preSolution
		HideSolutionNode = FALSE
	EndGlobalSection
EndGlobal
